
Microsoft Visual Studio Solution File, Format Version 12.00
# Visual Studio Version 17
VisualStudioVersion = 17.3.32901.215
MinimumVisualStudioVersion = 10.0.40219.1
Project("{FAE04EC0-301F-11D3-BF4B-00C04F79EFBC}") = "Rsvpproject", "Rsvpproject\Rsvpproject.csproj", "{A9C31DC6-C8C8-4210-8908-7B19CCE0C4AB}"
EndProject
Global
	GlobalSection(SolutionConfigurationPlatforms) = preSolution
		Debug|Any CPU = Debug|Any CPU
		Release|Any CPU = Release|Any CPU
	EndGlobalSection
	GlobalSection(ProjectConfigurationPlatforms) = postSolution
		{A9C31DC6-C8C8-4210-8908-7B19CCE0C4AB}.Debug|Any CPU.ActiveCfg = Debug|Any CPU
		{A9C31DC6-C8C8-4210-8908-7B19CCE0C4AB}.Debug|Any CPU.Build.0 = Debug|Any CPU
		{A9C31DC6-C8C8-4210-8908-7B19CCE0C4AB}.Release|Any CPU.ActiveCfg = Release|Any CPU
		{A9C31DC6-C8C8-4210-8908-7B19CCE0C4AB}.Release|Any CPU.Build.0 = Release|Any CPU
	EndGlobalSection
	GlobalSection(SolutionProperties) = preSolution
		HideSolutionNode = FALSE
	EndGlobalSection
	GlobalSection(ExtensibilityGlobals) = postSolution
		SolutionGuid = {347CF3A9-F3AE-417B-831E-21FFAA641C39}
	EndGlobalSection
EndGlobal
